
Microsoft Visual Studio Solution File, Format Version 12.00
# Visual Studio Version 17
VisualStudioVersion = 17.9.34607.119
MinimumVisualStudioVersion = 10.0.40219.1
Project("{2150E333-8FDC-42A3-9474-1A3956D46DE8}") = "Services", "Services", "{AB72B378-E2BA-48F7-A1AF-AAD3D8D9061B}"
EndProject
Project("{2150E333-8FDC-42A3-9474-1A3956D46DE8}") = "Catalog", "Catalog", "{DC0D8CFA-9159-4416-9FF4-CAED669C0D51}"
EndProject
Project("{9A19103F-16F7-4668-BE54-9A1E7A4F7556}") = "Catalog.API", "Services\Catalog\Catalog.API\Catalog.API.csproj", "{C3456228-717B-4EB7-8CD5-436F43B4817F}"
EndProject
Project("{2150E333-8FDC-42A3-9474-1A3956D46DE8}") = "BuildingBlocks", "BuildingBlocks", "{D2A37CF2-B37F-40A3-AD48-D18B305F02CB}"
EndProject
Project("{9A19103F-16F7-4668-BE54-9A1E7A4F7556}") = "BuildingBlocks", "BuildingBlocks\BuildingBlocks\BuildingBlocks.csproj", "{35C1D932-D477-4CB8-A16F-5081C41B2F9B}"
EndProject
Project("{E53339B2-1760-4266-BCC7-CA923CBCF16C}") = "docker-compose", "docker-compose.dcproj", "{3634F460-5265-4B2B-8CCA-DF6524081640}"
EndProject
Project("{2150E333-8FDC-42A3-9474-1A3956D46DE8}") = "Basket", "Basket", "{E03119C6-295F-4B22-AA2F-B142FA5AE081}"
EndProject
Project("{FAE04EC0-301F-11D3-BF4B-00C04F79EFBC}") = "Basket.API", "Services\Basket\Basket.API\Basket.API.csproj", "{BB940D25-0135-4465-A71C-BB9B77F14B6D}"
EndProject
Global
	GlobalSection(SolutionConfigurationPlatforms) = preSolution
		Debug|Any CPU = Debug|Any CPU
		Release|Any CPU = Release|Any CPU
	EndGlobalSection
	GlobalSection(ProjectConfigurationPlatforms) = postSolution
		{C3456228-717B-4EB7-8CD5-436F43B4817F}.Debug|Any CPU.ActiveCfg = Debug|Any CPU
		{C3456228-717B-4EB7-8CD5-436F43B4817F}.Debug|Any CPU.Build.0 = Debug|Any CPU
		{C3456228-717B-4EB7-8CD5-436F43B4817F}.Release|Any CPU.ActiveCfg = Release|Any CPU
		{C3456228-717B-4EB7-8CD5-436F43B4817F}.Release|Any CPU.Build.0 = Release|Any CPU
		{35C1D932-D477-4CB8-A16F-5081C41B2F9B}.Debug|Any CPU.ActiveCfg = Debug|Any CPU
		{35C1D932-D477-4CB8-A16F-5081C41B2F9B}.Debug|Any CPU.Build.0 = Debug|Any CPU
		{35C1D932-D477-4CB8-A16F-5081C41B2F9B}.Release|Any CPU.ActiveCfg = Release|Any CPU
		{35C1D932-D477-4CB8-A16F-5081C41B2F9B}.Release|Any CPU.Build.0 = Release|Any CPU
		{3634F460-5265-4B2B-8CCA-DF6524081640}.Debug|Any CPU.ActiveCfg = Debug|Any CPU
		{3634F460-5265-4B2B-8CCA-DF6524081640}.Debug|Any CPU.Build.0 = Debug|Any CPU
		{3634F460-5265-4B2B-8CCA-DF6524081640}.Release|Any CPU.ActiveCfg = Release|Any CPU
		{3634F460-5265-4B2B-8CCA-DF6524081640}.Release|Any CPU.Build.0 = Release|Any CPU
		{BB940D25-0135-4465-A71C-BB9B77F14B6D}.Debug|Any CPU.ActiveCfg = Debug|Any CPU
		{BB940D25-0135-4465-A71C-BB9B77F14B6D}.Debug|Any CPU.Build.0 = Debug|Any CPU
		{BB940D25-0135-4465-A71C-BB9B77F14B6D}.Release|Any CPU.ActiveCfg = Release|Any CPU
		{BB940D25-0135-4465-A71C-BB9B77F14B6D}.Release|Any CPU.Build.0 = Release|Any CPU
	EndGlobalSection
	GlobalSection(SolutionProperties) = preSolution
		HideSolutionNode = FALSE
	EndGlobalSection
	GlobalSection(NestedProjects) = preSolution
		{DC0D8CFA-9159-4416-9FF4-CAED669C0D51} = {AB72B378-E2BA-48F7-A1AF-AAD3D8D9061B}
		{C3456228-717B-4EB7-8CD5-436F43B4817F} = {DC0D8CFA-9159-4416-9FF4-CAED669C0D51}
		{35C1D932-D477-4CB8-A16F-5081C41B2F9B} = {D2A37CF2-B37F-40A3-AD48-D18B305F02CB}
		{E03119C6-295F-4B22-AA2F-B142FA5AE081} = {AB72B378-E2BA-48F7-A1AF-AAD3D8D9061B}
		{BB940D25-0135-4465-A71C-BB9B77F14B6D} = {E03119C6-295F-4B22-AA2F-B142FA5AE081}
	EndGlobalSection
	GlobalSection(ExtensibilityGlobals) = postSolution
		SolutionGuid = {D40FCAB2-CE38-48BA-BD2A-3D71C7F5F82C}
	EndGlobalSection
EndGlobal
